
Microsoft Visual Studio Solution File, Format Version 12.00
# Visual Studio Version 17
VisualStudioVersion = 17.6.33829.357
MinimumVisualStudioVersion = 10.0.40219.1
Project("{FAE04EC0-301F-11D3-BF4B-00C04F79EFBC}") = "hoanganh", "hoanganh\hoanganh.csproj", "{0FD4C1CF-42AB-4A95-9D86-826137CF7F07}"
EndProject
Global
	GlobalSection(SolutionConfigurationPlatforms) = preSolution
		Debug|Any CPU = Debug|Any CPU
		Release|Any CPU = Release|Any CPU
	EndGlobalSection
	GlobalSection(ProjectConfigurationPlatforms) = postSolution
		{0FD4C1CF-42AB-4A95-9D86-826137CF7F07}.Debug|Any CPU.ActiveCfg = Debug|Any CPU
		{0FD4C1CF-42AB-4A95-9D86-826137CF7F07}.Debug|Any CPU.Build.0 = Debug|Any CPU
		{0FD4C1CF-42AB-4A95-9D86-826137CF7F07}.Release|Any CPU.ActiveCfg = Release|Any CPU
		{0FD4C1CF-42AB-4A95-9D86-826137CF7F07}.Release|Any CPU.Build.0 = Release|Any CPU
	EndGlobalSection
	GlobalSection(SolutionProperties) = preSolution
		HideSolutionNode = FALSE
	EndGlobalSection
	GlobalSection(ExtensibilityGlobals) = postSolution
		SolutionGuid = {6D03283A-9204-416C-BB02-0FAA52635D25}
	EndGlobalSection
EndGlobal
